
Microsoft Visual Studio Solution File, Format Version 12.00
# Visual Studio 15
VisualStudioVersion = 15.0.27004.2006
MinimumVisualStudioVersion = 10.0.40219.1
Project("{FAE04EC0-301F-11D3-BF4B-00C04F79EFBC}") = "TP2", "TP2\TP2.csproj", "{A0210F6D-3897-4274-941D-EDF362FCD6B9}"
EndProject
Global
	GlobalSection(SolutionConfigurationPlatforms) = preSolution
		Debug|Any CPU = Debug|Any CPU
		Release|Any CPU = Release|Any CPU
	EndGlobalSection
	GlobalSection(ProjectConfigurationPlatforms) = postSolution
		{A0210F6D-3897-4274-941D-EDF362FCD6B9}.Debug|Any CPU.ActiveCfg = Debug|Any CPU
		{A0210F6D-3897-4274-941D-EDF362FCD6B9}.Debug|Any CPU.Build.0 = Debug|Any CPU
		{A0210F6D-3897-4274-941D-EDF362FCD6B9}.Release|Any CPU.ActiveCfg = Release|Any CPU
		{A0210F6D-3897-4274-941D-EDF362FCD6B9}.Release|Any CPU.Build.0 = Release|Any CPU
	EndGlobalSection
	GlobalSection(SolutionProperties) = preSolution
		HideSolutionNode = FALSE
	EndGlobalSection
	GlobalSection(ExtensibilityGlobals) = postSolution
		SolutionGuid = {05ADAEBE-B68B-4BE5-9785-09A68481935B}
	EndGlobalSection
EndGlobal
